{
  "name": "@wizsolucoes/ngx-wiz-sso",
  "version": "1.0.11",
  "lockfileVersion": 1,
  "requires": true,
  "dependencies": {
    "@wizsolucoes/vanilla-wiz-sso": {
      "version": "1.0.0",
      "resolved": "https://registry.npmjs.org/@wizsolucoes/vanilla-wiz-sso/-/vanilla-wiz-sso-1.0.0.tgz",
      "integrity": "sha512-nU05MWLn8LP6M4jY6qrvYSlxU2R3gJlACk+8+tLch9r4mmsAzx/kprBxB8/VccUc7jZV7YBYzxyHvt87Y8CLPQ=="
    }
  }
}
